{"format_version":"1.0","provider_schemas":{"registry.terraform.io/lerentis/gitea":{"provider":{"version":0,"block":{"attributes":{"base_url":{"type":"string","description":"The Gitea Base API URL","description_kind":"plain","optional":true},"cacert_file":{"type":"string","description":"A file containing the ca certificate to use in case ssl certificate is not from a standard chain","description_kind":"plain","optional":true},"insecure":{"type":"bool","description":"Disable SSL verification of API calls","description_kind":"plain","optional":true},"password":{"type":"string","description":"Password in case of using basic auth","description_kind":"plain","optional":true},"token":{"type":"string","description":"The application token used to connect to Gitea.","description_kind":"plain","optional":true},"username":{"type":"string","description":"Username in case of using basic auth","description_kind":"plain","optional":true}},"description_kind":"plain"}},"resource_schemas":{"gitea_git_hook":{"version":0,"block":{"attributes":{"content":{"type":"string","description":"Content of the git hook","description_kind":"plain","required":true},"id":{"type":"string","description_kind":"plain","optional":true,"computed":true},"name":{"type":"string","description":"Name of the git hook to configure","description_kind":"plain","required":true},"repo":{"type":"string","description":"The repository that this hook belongs too.","description_kind":"plain","required":true},"user":{"type":"string","description":"The user (or organisation) owning the repo this hook belongs too","description_kind":"plain","required":true}},"description":"`gitea_git_hook` manages git hooks on a repository.\nimport is currently not supported\n\nWARNING: using this resource requires to enable server side hookswhich are known to cause [security issues](https://github.com/go-gitea/gitea/pull/13058)!\n\nif you want to procede, you need to enable server side hooks as stated [here](https://docs.gitea.io/en-us/config-cheat-sheet/#security-security)","description_kind":"plain"}},"gitea_oauth2_app":{"version":0,"block":{"attributes":{"client_id":{"type":"string","description":"OAuth2 Application client id","description_kind":"plain","computed":true},"client_secret":{"type":"string","description":"Oauth2 Application client secret","description_kind":"plain","computed":true,"sensitive":true},"id":{"type":"string","description_kind":"plain","optional":true,"computed":true},"name":{"type":"string","description":"OAuth Application name","description_kind":"plain","required":true},"redirect_uris":{"type":["set","string"],"description":"Accepted redirect URIs","description_kind":"plain","required":true}},"description":"Handling [gitea oauth application](https://docs.gitea.io/en-us/oauth2-provider/) resources","description_kind":"plain"}},"gitea_org":{"version":0,"block":{"attributes":{"avatar_url":{"type":"string","description_kind":"plain","computed":true},"description":{"type":"string","description":"A description of this organisation.","description_kind":"plain","optional":true},"full_name":{"type":"string","description":"The display name of the organisation. Defaults to the value of `name`.","description_kind":"plain","optional":true},"id":{"type":"string","description_kind":"plain","optional":true,"computed":true},"location":{"type":"string","description_kind":"plain","optional":true},"name":{"type":"string","description":"The name of the organisation without spaces.","description_kind":"plain","required":true},"repo_admin_change_team_access":{"type":"bool","description_kind":"plain","optional":true},"visibility":{"type":"string","description":"Flag is this organisation should be publicly visible or not.","description_kind":"plain","optional":true},"website":{"type":"string","description":"A link to a website with more information about this organisation.","description_kind":"plain","optional":true}},"description":"`gitea_org` manages a gitea organisation.\n\nOrganisations are a way to group repositories and abstract permission management in a gitea instance.","description_kind":"plain"}},"gitea_public_key":{"version":0,"block":{"attributes":{"created":{"type":"string","description_kind":"plain","computed":true},"fingerprint":{"type":"string","description_kind":"plain","computed":true},"id":{"type":"string","description_kind":"plain","optional":true,"computed":true},"key":{"type":"string","description":"An armored SSH key to add","description_kind":"plain","required":true,"sensitive":true},"read_only":{"type":"bool","description":"Describe if the key has only read access or read/write","description_kind":"plain","optional":true},"title":{"type":"string","description":"Title of the key to add","description_kind":"plain","required":true},"type":{"type":"string","description_kind":"plain","computed":true},"username":{"type":"string","description":"User to associate with the added key","description_kind":"plain","required":true}},"description":"`gitea_public_key` manages ssh key that are associated with users.","description_kind":"plain"}},"gitea_repository":{"version":0,"block":{"attributes":{"allow_manual_merge":{"type":"bool","description_kind":"plain","optional":true},"allow_merge_commits":{"type":"bool","description_kind":"plain","optional":true},"allow_rebase":{"type":"bool","description_kind":"plain","optional":true},"allow_rebase_explicit":{"type":"bool","description_kind":"plain","optional":true},"allow_squash_merge":{"type":"bool","description_kind":"plain","optional":true},"archived":{"type":"bool","description_kind":"plain","optional":true},"auto_init":{"type":"bool","description":"Flag if the repository should be initiated with the configured values","description_kind":"plain","optional":true},"autodetect_manual_merge":{"type":"bool","description_kind":"plain","optional":true},"created":{"type":"string","description_kind":"plain","computed":true},"default_branch":{"type":"string","description":"The default branch of the repository. Defaults to `main`","description_kind":"plain","optional":true},"description":{"type":"string","description":"The description of the repository.","description_kind":"plain","optional":true},"gitignores":{"type":"string","description":"A specific gitignore that should be commited to the repositoryon creation if `auto_init` is set to `true`\nNeed to exist in the gitea instance","description_kind":"plain","optional":true},"has_issues":{"type":"bool","description":"A flag if the repository should have issue management enabled or not.","description_kind":"plain","optional":true},"has_projects":{"type":"bool","description":"A flag if the repository should have the native project management enabled or not.","description_kind":"plain","optional":true},"has_pull_requests":{"type":"bool","description":"A flag if the repository should acceppt pull requests or not.","description_kind":"plain","optional":true},"has_wiki":{"type":"bool","description":"A flag if the repository should have the native wiki enabled or not.","description_kind":"plain","optional":true},"id":{"type":"string","description_kind":"plain","optional":true,"computed":true},"ignore_whitespace_conflicts":{"type":"bool","description_kind":"plain","optional":true},"issue_labels":{"type":"string","description":"The Issue Label configuration to be used in this repository.\nNeed to exist in the gitea instance","description_kind":"plain","optional":true},"license":{"type":"string","description":"The license under which the source code of this repository should be.\nNeed to exist in the gitea instance","description_kind":"plain","optional":true},"migration_clone_address":{"type":"string","description_kind":"plain","optional":true},"migration_clone_addresse":{"type":"string","description":"DEPRECATED in favor of `migration_clone_address`","description_kind":"plain","optional":true},"migration_issue_labels":{"type":"bool","description_kind":"plain","optional":true},"migration_lfs":{"type":"bool","description_kind":"plain","optional":true},"migration_lfs_endpoint":{"type":"string","description_kind":"plain","optional":true},"migration_milestones":{"type":"bool","description_kind":"plain","optional":true},"migration_mirror_interval":{"type":"string","description":"valid time units are 'h', 'm', 's'. 0 to disable automatic sync","description_kind":"plain","optional":true},"migration_releases":{"type":"bool","description_kind":"plain","optional":true},"migration_service":{"type":"string","description":"git/github/gitlab/gitea/gogs","description_kind":"plain","optional":true},"migration_service_auth_password":{"type":"string","description_kind":"plain","optional":true,"sensitive":true},"migration_service_auth_token":{"type":"string","description_kind":"plain","optional":true,"sensitive":true},"migration_service_auth_username":{"type":"string","description_kind":"plain","optional":true},"mirror":{"type":"bool","description_kind":"plain","optional":true},"name":{"type":"string","description":"The Name of the repository","description_kind":"plain","required":true},"permission_admin":{"type":"bool","description_kind":"plain","computed":true},"permission_pull":{"type":"bool","description_kind":"plain","computed":true},"permission_push":{"type":"bool","description_kind":"plain","computed":true},"private":{"type":"bool","description":"Flag if the repository should be private or not.","description_kind":"plain","optional":true},"readme":{"type":"string","description_kind":"plain","optional":true},"repo_template":{"type":"bool","description_kind":"plain","optional":true},"updated":{"type":"string","description_kind":"plain","computed":true},"username":{"type":"string","description":"The Owner of the repository","description_kind":"plain","required":true},"website":{"type":"string","description":"A link to a website with more information.","description_kind":"plain","optional":true}},"description":"`gitea_repository` manages a gitea repository.\n\nPer default this repository will be initializiled with the provided configuration (gitignore, License etc.).\nIf the `username` property is set to a organisation name, the provider will try to look if this organisation exists and create the repository under the organisation scope.\n\nRepository migrations have some properties that are not available to regular repositories. These are all prefixed with `migration_`.","description_kind":"plain"}},"gitea_team":{"version":0,"block":{"attributes":{"can_create_repos":{"type":"bool","description":"Flag if the Teams members should be able to create Rpositories in the Organisation","description_kind":"plain","optional":true},"description":{"type":"string","description":"Description of the Team","description_kind":"plain","optional":true},"id":{"type":"string","description_kind":"plain","optional":true,"computed":true},"include_all_repositories":{"type":"bool","description":"Flag if the Teams members should have access to all Repositories in the Organisation","description_kind":"plain","optional":true},"members":{"type":["list","string"],"description":"List of Users that should be part of this team","description_kind":"plain","optional":true,"computed":true},"name":{"type":"string","description":"Name of the Team","description_kind":"plain","required":true},"organisation":{"type":"string","description":"The organisation which this Team is part of.","description_kind":"plain","required":true},"permission":{"type":"string","description":"Permissions associated with this Team\nCan be `none`, `read`, `write`, `admin` or `owner`","description_kind":"plain","optional":true},"units":{"type":"string","description":"List of types of Repositories that should be allowed to be created from Team members.\nCan be `repo.code`, `repo.issues`, `repo.ext_issues`, `repo.wiki`, `repo.pulls`, `repo.releases`, `repo.projects` and/or `repo.ext_wiki`","description_kind":"plain","optional":true}},"description":"`gitea_team` manages Team that are part of an organisation.","description_kind":"plain"}},"gitea_user":{"version":0,"block":{"attributes":{"active":{"type":"bool","description":"Flag if this user should be active or not","description_kind":"plain","optional":true},"admin":{"type":"bool","description":"Flag if this user should be an administrator or not","description_kind":"plain","optional":true},"allow_create_organization":{"type":"bool","description_kind":"plain","optional":true},"allow_git_hook":{"type":"bool","description_kind":"plain","optional":true},"allow_import_local":{"type":"bool","description_kind":"plain","optional":true},"description":{"type":"string","description":"A description of the user","description_kind":"plain","optional":true},"email":{"type":"string","description":"E-Mail Address of the user","description_kind":"plain","required":true},"force_password_change":{"type":"bool","description":"Flag if the user defined password should be overwritten or not","description_kind":"plain","optional":true},"full_name":{"type":"string","description":"Full name of the user","description_kind":"plain","optional":true,"computed":true},"id":{"type":"string","description_kind":"plain","optional":true,"computed":true},"location":{"type":"string","description_kind":"plain","optional":true},"login_name":{"type":"string","description":"The login name can differ from the username","description_kind":"plain","required":true},"max_repo_creation":{"type":"number","description_kind":"plain","optional":true},"must_change_password":{"type":"bool","description":"Flag if the user should change the password after first login","description_kind":"plain","optional":true},"password":{"type":"string","description":"Password to be set for the user","description_kind":"plain","required":true,"sensitive":true},"prohibit_login":{"type":"bool","description":"Flag if the user should not be allowed to log in (bot user)","description_kind":"plain","optional":true},"restricted":{"type":"bool","description_kind":"plain","optional":true},"send_notification":{"type":"bool","description":"Flag to send a notification about the user creation to the defined `email`","description_kind":"plain","optional":true},"username":{"type":"string","description":"Username of the user to be created","description_kind":"plain","required":true},"visibility":{"type":"string","description":"Visibility of the user. Can be `public`, `limited` or `private`","description_kind":"plain","optional":true}},"description":"`gitea_user` manages a native gitea user.\n\nIf you are using OIDC or other kinds of authentication mechanisms you can still try to managessh keys or other ressources this way","description_kind":"plain"}}},"data_source_schemas":{"gitea_org":{"version":0,"block":{"attributes":{"avatar_url":{"type":"string","description_kind":"plain","computed":true},"description":{"type":"string","description_kind":"plain","computed":true},"full_name":{"type":"string","description_kind":"plain","computed":true},"id":{"type":"number","description_kind":"plain","computed":true},"location":{"type":"string","description_kind":"plain","computed":true},"name":{"type":"string","description_kind":"plain","optional":true,"computed":true},"visibility":{"type":"string","description_kind":"plain","computed":true},"website":{"type":"string","description_kind":"plain","computed":true}},"description_kind":"plain"}},"gitea_repo":{"version":0,"block":{"attributes":{"clone_url":{"type":"string","description_kind":"plain","computed":true},"created":{"type":"string","description_kind":"plain","computed":true},"default_branch":{"type":"string","description_kind":"plain","computed":true},"description":{"type":"string","description_kind":"plain","computed":true},"fork":{"type":"bool","description_kind":"plain","computed":true},"forks":{"type":"number","description_kind":"plain","computed":true},"full_name":{"type":"string","description_kind":"plain","computed":true},"html_url":{"type":"string","description_kind":"plain","computed":true},"id":{"type":"string","description_kind":"plain","optional":true,"computed":true},"mirror":{"type":"bool","description_kind":"plain","computed":true},"name":{"type":"string","description_kind":"plain","required":true},"open_issue_count":{"type":"number","description_kind":"plain","computed":true},"permission_admin":{"type":"bool","description_kind":"plain","computed":true},"permission_pull":{"type":"bool","description_kind":"plain","computed":true},"permission_push":{"type":"bool","description_kind":"plain","computed":true},"private":{"type":"bool","description_kind":"plain","computed":true},"size":{"type":"number","description_kind":"plain","computed":true},"ssh_url":{"type":"string","description_kind":"plain","computed":true},"stars":{"type":"number","description_kind":"plain","computed":true},"updated":{"type":"string","description_kind":"plain","computed":true},"username":{"type":"string","description_kind":"plain","required":true},"watchers":{"type":"number","description_kind":"plain","computed":true},"website":{"type":"string","description_kind":"plain","computed":true}},"description_kind":"plain"}},"gitea_user":{"version":0,"block":{"attributes":{"avatar_url":{"type":"string","description_kind":"plain","computed":true},"created":{"type":"string","description_kind":"plain","computed":true},"email":{"type":"string","description_kind":"plain","computed":true},"full_name":{"type":"string","description_kind":"plain","computed":true},"id":{"type":"number","description_kind":"plain","computed":true},"is_admin":{"type":"bool","description_kind":"plain","computed":true},"language":{"type":"string","description_kind":"plain","computed":true},"last_login":{"type":"string","description_kind":"plain","computed":true},"username":{"type":"string","description_kind":"plain","optional":true,"computed":true}},"description_kind":"plain"}}}}}}
